
Microsoft Visual Studio Solution File, Format Version 12.00
# Visual Studio Version 17
VisualStudioVersion = 17.7.34024.191
MinimumVisualStudioVersion = 10.0.40219.1
Project("{FAE04EC0-301F-11D3-BF4B-00C04F79EFBC}") = "ejemplo-web", "ejemplo-web\ejemplo-web.csproj", "{88CC78F6-BB2E-4E56-8C24-B9BA7B664015}"
EndProject
Project("{FAE04EC0-301F-11D3-BF4B-00C04F79EFBC}") = "dominio", "dominio\dominio.csproj", "{5D065284-EF50-4E8F-94DA-135AA13EA692}"
EndProject
Global
	GlobalSection(SolutionConfigurationPlatforms) = preSolution
		Debug|Any CPU = Debug|Any CPU
		Release|Any CPU = Release|Any CPU
	EndGlobalSection
	GlobalSection(ProjectConfigurationPlatforms) = postSolution
		{88CC78F6-BB2E-4E56-8C24-B9BA7B664015}.Debug|Any CPU.ActiveCfg = Debug|Any CPU
		{88CC78F6-BB2E-4E56-8C24-B9BA7B664015}.Debug|Any CPU.Build.0 = Debug|Any CPU
		{88CC78F6-BB2E-4E56-8C24-B9BA7B664015}.Release|Any CPU.ActiveCfg = Release|Any CPU
		{88CC78F6-BB2E-4E56-8C24-B9BA7B664015}.Release|Any CPU.Build.0 = Release|Any CPU
		{5D065284-EF50-4E8F-94DA-135AA13EA692}.Debug|Any CPU.ActiveCfg = Debug|Any CPU
		{5D065284-EF50-4E8F-94DA-135AA13EA692}.Debug|Any CPU.Build.0 = Debug|Any CPU
		{5D065284-EF50-4E8F-94DA-135AA13EA692}.Release|Any CPU.ActiveCfg = Release|Any CPU
		{5D065284-EF50-4E8F-94DA-135AA13EA692}.Release|Any CPU.Build.0 = Release|Any CPU
	EndGlobalSection
	GlobalSection(SolutionProperties) = preSolution
		HideSolutionNode = FALSE
	EndGlobalSection
	GlobalSection(ExtensibilityGlobals) = postSolution
		SolutionGuid = {F638989E-E551-4A95-B40A-C57A42A66550}
	EndGlobalSection
EndGlobal
