
Microsoft Visual Studio Solution File, Format Version 12.00
# Visual Studio Version 17
VisualStudioVersion = 17.7.34024.191
MinimumVisualStudioVersion = 10.0.40219.1
Project("{FAE04EC0-301F-11D3-BF4B-00C04F79EFBC}") = "ejemplo1", "ejemplo1\ejemplo1.csproj", "{07C6DB05-DDD1-48BF-81A3-EC53B2360E2A}"
EndProject
Global
	GlobalSection(SolutionConfigurationPlatforms) = preSolution
		Debug|Any CPU = Debug|Any CPU
		Release|Any CPU = Release|Any CPU
	EndGlobalSection
	GlobalSection(ProjectConfigurationPlatforms) = postSolution
		{07C6DB05-DDD1-48BF-81A3-EC53B2360E2A}.Debug|Any CPU.ActiveCfg = Debug|Any CPU
		{07C6DB05-DDD1-48BF-81A3-EC53B2360E2A}.Debug|Any CPU.Build.0 = Debug|Any CPU
		{07C6DB05-DDD1-48BF-81A3-EC53B2360E2A}.Release|Any CPU.ActiveCfg = Release|Any CPU
		{07C6DB05-DDD1-48BF-81A3-EC53B2360E2A}.Release|Any CPU.Build.0 = Release|Any CPU
	EndGlobalSection
	GlobalSection(SolutionProperties) = preSolution
		HideSolutionNode = FALSE
	EndGlobalSection
	GlobalSection(ExtensibilityGlobals) = postSolution
		SolutionGuid = {7C0AAB4B-EDDB-4CB7-88DA-8966B09311E1}
	EndGlobalSection
EndGlobal
