
Microsoft Visual Studio Solution File, Format Version 12.00
# Visual Studio Version 17
VisualStudioVersion = 17.7.34024.191
MinimumVisualStudioVersion = 10.0.40219.1
Project("{FAE04EC0-301F-11D3-BF4B-00C04F79EFBC}") = "ejemplos1", "ejemplos1\ejemplos1.csproj", "{5B1D395A-8AC9-4C5C-8F93-B12E9CB2F50C}"
EndProject
Project("{FAE04EC0-301F-11D3-BF4B-00C04F79EFBC}") = "ejemplos2", "ejemplos2\ejemplos2.csproj", "{84D19CFC-A8B4-4D12-88CB-EAFA7849E316}"
EndProject
Global
	GlobalSection(SolutionConfigurationPlatforms) = preSolution
		Debug|Any CPU = Debug|Any CPU
		Release|Any CPU = Release|Any CPU
	EndGlobalSection
	GlobalSection(ProjectConfigurationPlatforms) = postSolution
		{5B1D395A-8AC9-4C5C-8F93-B12E9CB2F50C}.Debug|Any CPU.ActiveCfg = Debug|Any CPU
		{5B1D395A-8AC9-4C5C-8F93-B12E9CB2F50C}.Debug|Any CPU.Build.0 = Debug|Any CPU
		{5B1D395A-8AC9-4C5C-8F93-B12E9CB2F50C}.Release|Any CPU.ActiveCfg = Release|Any CPU
		{5B1D395A-8AC9-4C5C-8F93-B12E9CB2F50C}.Release|Any CPU.Build.0 = Release|Any CPU
		{84D19CFC-A8B4-4D12-88CB-EAFA7849E316}.Debug|Any CPU.ActiveCfg = Debug|Any CPU
		{84D19CFC-A8B4-4D12-88CB-EAFA7849E316}.Debug|Any CPU.Build.0 = Debug|Any CPU
		{84D19CFC-A8B4-4D12-88CB-EAFA7849E316}.Release|Any CPU.ActiveCfg = Release|Any CPU
		{84D19CFC-A8B4-4D12-88CB-EAFA7849E316}.Release|Any CPU.Build.0 = Release|Any CPU
	EndGlobalSection
	GlobalSection(SolutionProperties) = preSolution
		HideSolutionNode = FALSE
	EndGlobalSection
	GlobalSection(ExtensibilityGlobals) = postSolution
		SolutionGuid = {23136165-D0DA-4FB1-91CC-FF0EF4066A9F}
	EndGlobalSection
EndGlobal
